
Microsoft Visual Studio Solution File, Format Version 12.00
# Visual Studio Version 16
VisualStudioVersion = 16.0.29709.97
MinimumVisualStudioVersion = 10.0.40219.1
Project("{FAE04EC0-301F-11D3-BF4B-00C04F79EFBC}") = "Sort", "Sort.csproj", "{27F85DD3-4AF6-446F-8020-AE802F74B688}"
EndProject
Global
	GlobalSection(SolutionConfigurationPlatforms) = preSolution
		Debug|Any CPU = Debug|Any CPU
		Release|Any CPU = Release|Any CPU
	EndGlobalSection
	GlobalSection(ProjectConfigurationPlatforms) = postSolution
		{27F85DD3-4AF6-446F-8020-AE802F74B688}.Debug|Any CPU.ActiveCfg = Debug|Any CPU
		{27F85DD3-4AF6-446F-8020-AE802F74B688}.Debug|Any CPU.Build.0 = Debug|Any CPU
		{27F85DD3-4AF6-446F-8020-AE802F74B688}.Release|Any CPU.ActiveCfg = Release|Any CPU
		{27F85DD3-4AF6-446F-8020-AE802F74B688}.Release|Any CPU.Build.0 = Release|Any CPU
	EndGlobalSection
	GlobalSection(SolutionProperties) = preSolution
		HideSolutionNode = FALSE
	EndGlobalSection
	GlobalSection(ExtensibilityGlobals) = postSolution
		SolutionGuid = {D6E98355-5D6A-42E3-9EE7-3467097345DB}
	EndGlobalSection
EndGlobal
